# This file is automatically @generated by Cargo.
# It is not intended for manual editing.
version = 4

[[package]]
name = "anyhow"
version = "1.0.104"
source = "registry+https://github.com/rust-lang/crates.io-index"
checksum = "330a5ed07fa54e4702c9d6c4174f74427fc0ef6e214bbd677ae50a5099946470"

[[package]]
name = "astro-float-num"
version = "0.3.7"
source = "registry+https://github.com/rust-lang/crates.io-index"
checksum = "bc7f6a0312e8f5845f84241b21bd2394d49940b6bc333c6a84f992e6dc9ebb85"
dependencies = [
 "itertools 0.10.5",
 "lazy_static",
]

[[package]]
name = "autocfg"
version = "1.5.1"
source = "registry+https://github.com/rust-lang/crates.io-index"
checksum = "f2032f911046de80f0a198e0901378627c33f59ea0ac00e363d481118bd70a53"

[[package]]
name = "bytemuck"
version = "1.25.2"
source = "registry+https://github.com/rust-lang/crates.io-index"
checksum = "95832e849adfb21180ccb6826a99da14e5d266ae5c2e668e1602cf234f153797"

[[package]]
name = "byteorder"
version = "1.5.0"
source = "registry+https://github.com/rust-lang/crates.io-index"
checksum = "1fd0f2584146f6f2ef48085050886acf353beff7305ebd1ae69500e27c67f64b"

[[package]]
name = "cc"
version = "1.4.4"
source = "registry+https://github.com/rust-lang/crates.io-index"
checksum = "0ad534f4357a5264cce5019c989cf66a4f0dc4e0d1b1d15f8aacec0ff7360273"
dependencies = [
 "find-msvc-tools",
 "shlex",
]

[[package]]
name = "cfg-if"
version = "1.0.4"
source = "registry+https://github.com/rust-lang/crates.io-index"
checksum = "9330f8b2ff13f34540b44e946ef35111825727b38d33286ef986142615121801"

[[package]]
name = "chacha20"
version = "0.10.1"
source = "registry+https://github.com/rust-lang/crates.io-index"
checksum = "d524456ba66e72eb8b115ff89e01e497f8e6d11d78b70b1aa13c0fbd97540a81"
dependencies = [
 "cfg-if",
 "cpufeatures",
 "rand_core",
]

[[package]]
name = "cmake"
version = "0.1.58"
source = "registry+https://github.com/rust-lang/crates.io-index"
checksum = "c0f78a02292a74a88ac736019ab962ece0bc380e3f977bf72e376c5d78ff0678"
dependencies = [
 "cc",
]

[[package]]
name = "cpufeatures"
version = "0.3.0"
source = "registry+https://github.com/rust-lang/crates.io-index"
checksum = "8b2a41393f66f16b0823bb79094d54ac5fbd34ab292ddafb9a0456ac9f87d201"
dependencies = [
 "libc",
]

[[package]]
name = "dashu-base"
version = "0.6.0"
source = "registry+https://github.com/rust-lang/crates.io-index"
checksum = "fd9f3ef1b2d76f10fbc6a48d7b04e3dd8966242827ffcd987f3437c5e04ade21"
dependencies = [
 "num-modular",
]

[[package]]
name = "dashu-float"
version = "0.6.0"
source = "registry+https://github.com/rust-lang/crates.io-index"
checksum = "542f7e260ebc9c95bec696d5a948238bbcf5f7c5eb621160531841d585958ef1"
dependencies = [
 "dashu-base",
 "dashu-int",
 "num-modular",
 "num-order",
 "static_assertions",
]

[[package]]
name = "dashu-int"
version = "0.6.0"
source = "registry+https://github.com/rust-lang/crates.io-index"
checksum = "87a89c01d9f8414897a573ab98d3bbb6b82be12017bb3c67920eb79830bcc620"
dependencies = [
 "cfg-if",
 "dashu-base",
 "num-modular",
 "static_assertions",
]

[[package]]
name = "either"
version = "1.18.0"
source = "registry+https://github.com/rust-lang/crates.io-index"
checksum = "252afb9ae5eaa683babdc6a068b3f5726eb19e05070c731f9b2a23a7c3e8ed34"

[[package]]
name = "find-msvc-tools"
version = "0.1.11"
source = "registry+https://github.com/rust-lang/crates.io-index"
checksum = "d45db016d36b838f563236e9193d0ee6ce38f3f68b6c94e914b4929c96bbb890"

[[package]]
name = "getrandom"
version = "0.4.3"
source = "registry+https://github.com/rust-lang/crates.io-index"
checksum = "300e883d756b2e4ec94e02791f39b04b522276138852cfc41d9fb7e904106099"
dependencies = [
 "cfg-if",
 "libc",
 "r-efi",
 "rand_core",
]

[[package]]
name = "itertools"
version = "0.10.5"
source = "registry+https://github.com/rust-lang/crates.io-index"
checksum = "b0fd2260e829bddf4cb6ea802289de2f86d6a7a690192fbe91b3f46e0f2c8473"
dependencies = [
 "either",
]

[[package]]
name = "itertools"
version = "0.15.0"
source = "registry+https://github.com/rust-lang/crates.io-index"
checksum = "8b4baf93f58d4425749ca49a51c50ebab072c5df6994d08fed93541c331481dc"
dependencies = [
 "either",
]

[[package]]
name = "lazy_static"
version = "1.5.0"
source = "registry+https://github.com/rust-lang/crates.io-index"
checksum = "bbd2bcb4c963f2ddae06a2efc7e9f3591312473c50c6685e1f298068316e66fe"

[[package]]
name = "libc"
version = "0.2.189"
source = "registry+https://github.com/rust-lang/crates.io-index"
checksum = "3eaf3ede3fee6db1a4c2ee091bf8a8b4dccdc6d17f656fb07896ee72867612f2"

[[package]]
name = "libm"
version = "0.2.16"
source = "registry+https://github.com/rust-lang/crates.io-index"
checksum = "b6d2cec3eae94f9f509c767b45932f1ada8350c4bdb85af2fcab4a3c14807981"

[[package]]
name = "num-complex"
version = "0.4.6"
source = "registry+https://github.com/rust-lang/crates.io-index"
checksum = "73f88a1307638156682bada9d7604135552957b7818057dcef22705b4d509495"
dependencies = [
 "num-traits",
]

[[package]]
name = "num-modular"
version = "0.6.5"
source = "registry+https://github.com/rust-lang/crates.io-index"
checksum = "bd8e500409e6cd603b03e477c26a6caecdc27ac58979a53e881c75eafc079f44"

[[package]]
name = "num-order"
version = "1.2.0"
source = "registry+https://github.com/rust-lang/crates.io-index"
checksum = "537b596b97c40fcf8056d153049eb22f481c17ebce72a513ec9286e4986d1bb6"
dependencies = [
 "num-modular",
]

[[package]]
name = "num-traits"
version = "0.2.19"
source = "registry+https://github.com/rust-lang/crates.io-index"
checksum = "071dfc062690e90b734c0b2273ce72ad0ffa95f0c74596bc250dcfd960262841"
dependencies = [
 "autocfg",
 "libm",
]

[[package]]
name = "once_cell"
version = "1.21.4"
source = "registry+https://github.com/rust-lang/crates.io-index"
checksum = "9f7c3e4beb33f85d45ae3e3a1792185706c8e16d043238c593331cc7cd313b50"

[[package]]
name = "paste"
version = "1.0.15"
source = "registry+https://github.com/rust-lang/crates.io-index"
checksum = "57c0d7b74b563b49d38dae00a0c37d4d6de9b432382b2892f0574ddcae73fd0a"

[[package]]
name = "poulpy-blck-ecd"
version = "0.1.0"
dependencies = [
 "anyhow",
 "num-complex",
 "num-traits",
 "poulpy-ckks",
 "poulpy-core",
 "poulpy-cpu-arm",
 "poulpy-cpu-avx",
 "poulpy-cpu-avx512",
 "poulpy-cpu-ref",
 "poulpy-hal",
]

[[package]]
name = "poulpy-ckks"
version = "0.8.2"
source = "registry+https://github.com/rust-lang/crates.io-index"
checksum = "1171787c70a012421d5fe41338714ebef42a6ad739442f3f5e42c94686c6fec2"
dependencies = [
 "anyhow",
 "astro-float-num",
 "bytemuck",
 "dashu-float",
 "libm",
 "num-traits",
 "paste",
 "poulpy-core",
 "poulpy-hal",
]

[[package]]
name = "poulpy-core"
version = "0.8.2"
source = "registry+https://github.com/rust-lang/crates.io-index"
checksum = "6a8eb33aacc21a45233f68bb60dea830836df2b5ab1e902f30c7c7a768edf899"
dependencies = [
 "anyhow",
 "bytemuck",
 "byteorder",
 "dashu-float",
 "itertools 0.15.0",
 "num-traits",
 "once_cell",
 "paste",
 "poulpy-hal",
 "rand",
 "rand_distr",
]

[[package]]
name = "poulpy-cpu-arm"
version = "0.8.2"
source = "registry+https://github.com/rust-lang/crates.io-index"
checksum = "b2630425ab6b15ae5ea60bb75ce565c402242bdbdf272174afa751215960b1e4"
dependencies = [
 "bytemuck",
 "byteorder",
 "itertools 0.15.0",
 "once_cell",
 "paste",
 "poulpy-ckks",
 "poulpy-core",
 "poulpy-cpu-ref",
 "poulpy-hal",
 "rand",
 "rand_chacha",
 "rand_core",
 "rand_distr",
]

[[package]]
name = "poulpy-cpu-avx"
version = "0.8.2"
source = "registry+https://github.com/rust-lang/crates.io-index"
checksum = "dcde96f960603c6c0c6e113578ed54af7061a55706339722a43c67e367b26231"
dependencies = [
 "bytemuck",
 "byteorder",
 "itertools 0.15.0",
 "once_cell",
 "paste",
 "poulpy-ckks",
 "poulpy-core",
 "poulpy-cpu-ref",
 "poulpy-hal",
 "rand",
 "rand_chacha",
 "rand_core",
 "rand_distr",
]

[[package]]
name = "poulpy-cpu-avx512"
version = "0.8.2"
source = "registry+https://github.com/rust-lang/crates.io-index"
checksum = "646b9603a203c64fc032470a054e3846eb10f4abe8e6b115ac1187f3ecd302b3"
dependencies = [
 "bytemuck",
 "byteorder",
 "itertools 0.15.0",
 "once_cell",
 "paste",
 "poulpy-ckks",
 "poulpy-core",
 "poulpy-cpu-ref",
 "poulpy-hal",
 "rand",
 "rand_chacha",
 "rand_core",
 "rand_distr",
]

[[package]]
name = "poulpy-cpu-ref"
version = "0.8.2"
source = "registry+https://github.com/rust-lang/crates.io-index"
checksum = "b13a8414ee3eacd1dd1dd155aa40b97df46a6427cc2bbc51a3c436347da334b0"
dependencies = [
 "anyhow",
 "bytemuck",
 "byteorder",
 "dashu-float",
 "itertools 0.15.0",
 "once_cell",
 "poulpy-ckks",
 "poulpy-core",
 "poulpy-hal",
 "rand",
 "rand_chacha",
 "rand_core",
 "rand_distr",
]

[[package]]
name = "poulpy-hal"
version = "0.8.2"
source = "registry+https://github.com/rust-lang/crates.io-index"
checksum = "a01b4145d803387300588e1463238a69c1f2b33547e206e29efb60ef42579418"
dependencies = [
 "anyhow",
 "bytemuck",
 "byteorder",
 "cmake",
 "dashu-float",
 "itertools 0.15.0",
 "libc",
 "once_cell",
 "paste",
 "rand",
 "rand_chacha",
 "rand_core",
 "rand_distr",
]

[[package]]
name = "ppv-lite86"
version = "0.2.21"
source = "registry+https://github.com/rust-lang/crates.io-index"
checksum = "85eae3c4ed2f50dcfe72643da4befc30deadb458a9b590d720cde2f2b1e97da9"
dependencies = [
 "zerocopy",
]

[[package]]
name = "proc-macro2"
version = "1.0.107"
source = "registry+https://github.com/rust-lang/crates.io-index"
checksum = "985e7ec9bb745e6ce6535b544d84d6cd6f7ad8bd711c398938ae983b91a766d9"
dependencies = [
 "unicode-ident",
]

[[package]]
name = "quote"
version = "1.0.47"
source = "registry+https://github.com/rust-lang/crates.io-index"
checksum = "1fbf4db142a473a8d80c26bbf18454ed458bf8d26c8219c331daecfdbd079001"
dependencies = [
 "proc-macro2",
]

[[package]]
name = "r-efi"
version = "6.0.0"
source = "registry+https://github.com/rust-lang/crates.io-index"
checksum = "f8dcc9c7d52a811697d2151c701e0d08956f92b0e24136cf4cf27b57a6a0d9bf"

[[package]]
name = "rand"
version = "0.10.2"
source = "registry+https://github.com/rust-lang/crates.io-index"
checksum = "c7f5fa3a058cd35567ef9bfa5e75732bee0f9e4c55fa90477bef2dfcdbc4be80"
dependencies = [
 "chacha20",
 "getrandom",
 "rand_core",
]

[[package]]
name = "rand_chacha"
version = "0.10.0"
source = "registry+https://github.com/rust-lang/crates.io-index"
checksum = "3e6af7f3e25ded52c41df4e0b1af2d047e45896c2f3281792ed68a1c243daedb"
dependencies = [
 "ppv-lite86",
 "rand_core",
]

[[package]]
name = "rand_core"
version = "0.10.1"
source = "registry+https://github.com/rust-lang/crates.io-index"
checksum = "63b8176103e19a2643978565ca18b50549f6101881c443590420e4dc998a3c69"

[[package]]
name = "rand_distr"
version = "0.6.0"
source = "registry+https://github.com/rust-lang/crates.io-index"
checksum = "4d431c2703ccf129de4d45253c03f49ebb22b97d6ad79ee3ecfc7e3f4862c1d8"
dependencies = [
 "num-traits",
 "rand",
]

[[package]]
name = "shlex"
version = "2.0.1"
source = "registry+https://github.com/rust-lang/crates.io-index"
checksum = "f8fadd59c855ef2080decdef8ff161eb6661b86933c9d82e5ba29dc602a55aba"

[[package]]
name = "static_assertions"
version = "1.1.0"
source = "registry+https://github.com/rust-lang/crates.io-index"
checksum = "a2eb9349b6444b326872e140eb1cf5e7c522154d69e7a0ffb0fb81c06b37543f"

[[package]]
name = "syn"
version = "2.0.119"
source = "registry+https://github.com/rust-lang/crates.io-index"
checksum = "872831b642d1a07999a962a351ed35b955ea2cfc8f3862091e2a240a84f17297"
dependencies = [
 "proc-macro2",
 "quote",
 "unicode-ident",
]

[[package]]
name = "unicode-ident"
version = "1.0.24"
source = "registry+https://github.com/rust-lang/crates.io-index"
checksum = "e6e4313cd5fcd3dad5cafa179702e2b244f760991f45397d14d4ebf38247da75"

[[package]]
name = "zerocopy"
version = "0.8.56"
source = "registry+https://github.com/rust-lang/crates.io-index"
checksum = "556764e583adb45a9f8d413c2a147fa7e8d821e48e12b14fd560b607998b75eb"
dependencies = [
 "zerocopy-derive",
]

[[package]]
name = "zerocopy-derive"
version = "0.8.56"
source = "registry+https://github.com/rust-lang/crates.io-index"
checksum = "f2ab42fc20575779bd240faa45f94a74256f755c0fa9e89f0ede20d91d0cdfc1"
dependencies = [
 "proc-macro2",
 "quote",
 "syn",
]
